{
    "_meta": {
        "hash": {
            "sha256": "bcaab72a2fb4f580cdbdaacfe0468d045fdb8fdde6bb87bb4b8be2fa14cded39"
        },
        "pipfile-spec": 6,
        "requires": {
            "python_version": "3.6"
        },
        "sources": [
            {
                "name": "pypi",
                "url": "https://pypi.org/simple",
                "verify_ssl": true
            }
        ]
    },
    "default": {
        "appdirs": {
            "hashes": [
                "sha256:9e5896d1372858f8dd3344faf4e5014d21849c756c8d5701f78f8a103b372d92",
                "sha256:d8b24664561d0d34ddfaec54636d502d7cea6e29c3eaf68f3df6180863e2166e"
            ],
            "index": "pypi",
            "version": "==1.4.3"
        },
        "certifi": {
            "hashes": [
                "sha256:13e698f54293db9f89122b0581843a782ad0934a4fe0172d2a980ba77fc61bb7",
                "sha256:9fa520c1bacfb634fa7af20a76bcbd3d5fb390481724c597da32c719a7dca4b0"
            ],
            "version": "==2018.4.16"
        },
        "chardet": {
            "hashes": [
                "sha256:84ab92ed1c4d4f16916e05906b6b75a6c0fb5db821cc65e70cbd64a3e2a5eaae",
                "sha256:fc323ffcaeaed0e0a02bf4d117757b98aed530d9ed4531e3e15460124c106691"
            ],
            "version": "==3.0.4"
        },
        "idna": {
            "hashes": [
                "sha256:156a6814fb5ac1fc6850fb002e0852d56c0c8d2531923a51032d1b70760e186e",
                "sha256:684a38a6f903c1d71d6d5fac066b58d7768af4de2b832e426ec79c30daa94a16"
            ],
            "version": "==2.7"
        },
        "imgurpython": {
            "hashes": [
                "sha256:3ac28501c2f699a78f93a4ab34df7443cebd39a170c9de4adecf0f3852cbdc33"
            ],
            "index": "pypi",
            "version": "==1.1.7"
        },
        "psutil": {
            "hashes": [
                "sha256:0ff2b16e9045d01edb1dd10d7fbcc184012e37f6cd38029e959f2be9c6223f50",
                "sha256:254adb6a27c888f141d2a6032ae231d8ed4fc5f7583b4c825e5f7d7c78d26d2e",
                "sha256:319e12f6bae4d4d988fbff3bed792953fa3b44c791f085b0a1a230f755671ef7",
                "sha256:529ae235896efb99a6f77653a7138273ab701ec9f0343a1f5030945108dee3c4",
                "sha256:686e5a35fe4c0acc25f3466c32e716f2d498aaae7b7edc03e2305b682226bcf6",
                "sha256:7789885a72aa3075d28d028236eb3f2b84d908f81d38ad41769a6ddc2fd81b7c",
                "sha256:7f4616bcb44a6afda930cfc40215e5e9fa7c6896e683b287c771c937712fbe2f",
                "sha256:a9b85b335b40a528a8e2a6b549592138de8429c6296e7361892958956e6a73cf",
                "sha256:dc85fad15ef98103ecc047a0d81b55bbf5fe1b03313b96e883acc2e2fa87ed5c"
            ],
            "index": "pypi",
            "version": "==5.4.6"
        },
        "pyqt5": {
            "hashes": [
                "sha256:1e652910bd1ffd23a3a48c510ecad23a57a853ed26b782cd54b16658e6f271ac",
                "sha256:4db7113f464c733a99fcb66c4c093a47cf7204ad3f8b3bda502efcc0839ac14b",
                "sha256:9c17ab3974c1fc7bbb04cc1c9dae780522c0ebc158613f3025fccae82227b5f7",
                "sha256:f6035baa009acf45e5f460cf88f73580ad5dc0e72330029acd99e477f20a5d61"
            ],
            "index": "pypi",
            "version": "==5.10.1"
        },
        "pyyaml": {
            "hashes": [
                "sha256:a9b322285f419429402d5ce15e8f6d5c7a64f659eb87251af8b35c106f00a8e3"
            ],
            "index": "pypi",
            "version": "==4.1"
        },
        "requests": {
            "hashes": [
                "sha256:63b52e3c866428a224f97cab011de738c36aec0185aa91cfacd418b5d58911d1",
                "sha256:ec22d826a36ed72a7358ff3fe56cbd4ba69dd7a6718ffd450ff0e9df7a47ce6a"
            ],
            "version": "==2.19.1"
        },
        "sip": {
            "hashes": [
                "sha256:09f9a4e6c28afd0bafedb26ffba43375b97fe7207bd1a0d3513f79b7d168b331",
                "sha256:105edaaa1c8aa486662226360bd3999b4b89dd56de3e314d82b83ed0587d8783",
                "sha256:1bb10aac55bd5ab0e2ee74b3047aa2016cfa7932077c73f602a6f6541af8cd51",
                "sha256:265ddf69235dd70571b7d4da20849303b436192e875ce7226be7144ca702a45c",
                "sha256:52074f7cb5488e8b75b52f34ec2230bc75d22986c7fe5cd3f2d266c23f3349a7",
                "sha256:5ff887a33839de8fc77d7f69aed0259b67a384dc91a1dc7588e328b0b980bde2",
                "sha256:74da4ddd20c5b35c19cda753ce1e8e1f71616931391caeac2de7a1715945c679",
                "sha256:7d69e9cf4f8253a3c0dfc5ba6bb9ac8087b8239851f22998e98cb35cfe497b68",
                "sha256:97bb93ee0ef01ba90f57be2b606e08002660affd5bc380776dd8b0fcaa9e093a",
                "sha256:cf98150a99e43fda7ae22abe655b6f202e491d6291486548daa56cb15a2fcf85",
                "sha256:d9023422127b94d11c1a84bfa94933e959c484f2c79553c1ef23c69fe00d25f8",
                "sha256:e72955e12f4fccf27aa421be383453d697b8a44bde2cc26b08d876fd492d0174"
            ],
            "version": "==4.19.8"
        },
        "urllib3": {
            "hashes": [
                "sha256:a68ac5e15e76e7e5dd2b8f94007233e01effe3e50e8daddf69acfd81cb686baf",
                "sha256:b5725a0bd4ba422ab0e66e89e030c806576753ea3ee08554382c14e685d117b5"
            ],
            "version": "==1.23"
        }
    },
    "develop": {
        "altgraph": {
            "hashes": [
                "sha256:49dc134049903cc73fb76ca3cc9bef5b2b8c01c28732dd29594f99af2b449fc5",
                "sha256:fc28b986a68fde8d3ff0e6d6ba3fbdd2cd562d11d45ef7c7735fbd826c9eec2e"
            ],
            "version": "==0.15"
        },
        "atomicwrites": {
            "hashes": [
                "sha256:240831ea22da9ab882b551b31d4225591e5e447a68c5e188db5b89ca1d487585",
                "sha256:a24da68318b08ac9c9c45029f4a10371ab5b20e4226738e150e6e7c571630ae6"
            ],
            "version": "==1.1.5"
        },
        "attrs": {
            "hashes": [
                "sha256:4b90b09eeeb9b88c35bc642cbac057e45a5fd85367b985bd2809c62b7b939265",
                "sha256:e0d0eb91441a3b53dab4d9b743eafc1ac44476296a2053b6ca3af0b139faf87b"
            ],
            "version": "==18.1.0"
        },
        "future": {
            "hashes": [
                "sha256:e39ced1ab767b5936646cedba8bcce582398233d6a627067d4c6a454c90cfedb"
            ],
            "version": "==0.16.0"
        },
        "macholib": {
            "hashes": [
                "sha256:7f76a7ef4f58f85889dec25fb532bad5acfd461c444738dfeb2e7bf855d5906b",
                "sha256:9aeec52d7da59912b15445d08b08d95cee48414f01dd035be06f04a825973c08"
            ],
            "version": "==1.9"
        },
        "more-itertools": {
            "hashes": [
                "sha256:2b6b9893337bfd9166bee6a62c2b0c9fe7735dcf85948b387ec8cba30e85d8e8",
                "sha256:6703844a52d3588f951883005efcf555e49566a48afd4db4e965d69b883980d3",
                "sha256:a18d870ef2ffca2b8463c0070ad17b5978056f403fb64e3f15fe62a52db21cc0"
            ],
            "version": "==4.2.0"
        },
        "pefile": {
            "hashes": [
                "sha256:675c35ee0e1677db9e80d2f48d8a7ff2cf38e6207e8cd5e2a2c6d126db025854"
            ],
            "version": "==2017.11.5"
        },
        "pluggy": {
            "hashes": [
                "sha256:7f8ae7f5bdf75671a718d2daf0a64b7885f74510bcd98b1a0bb420eb9a9d0cff",
                "sha256:d345c8fe681115900d6da8d048ba67c25df42973bda370783cd58826442dcd7c",
                "sha256:e160a7fcf25762bb60efc7e171d4497ff1d8d2d75a3d0df7a21b76821ecbf5c5"
            ],
            "version": "==0.6.0"
        },
        "py": {
            "hashes": [
                "sha256:3fd59af7435864e1a243790d322d763925431213b6b8529c6ca71081ace3bbf7",
                "sha256:e31fb2767eb657cbde86c454f02e99cb846d3cd9d61b318525140214fdc0e98e"
            ],
            "version": "==1.5.4"
        },
        "pyinstaller": {
            "hashes": [
                "sha256:715f81f24b1ef0e5fe3b3c71e7540551838e46e9de30882aa7c0a521147fd1ce"
            ],
            "index": "pypi",
            "version": "==3.3.1"
        },
        "pynt": {
            "hashes": [
                "sha256:be13be37f8237be4a6f6f3031aebcb0c2e61a1894a85a21b85a21e397961c7b3",
                "sha256:f38b9b775804eff6e291bd6894669954d94c680b196adee56c96d082a135483c"
            ],
            "index": "pypi",
            "version": "==0.8.2"
        },
        "pytest": {
            "hashes": [
                "sha256:8ea01fc4fcc8e1b1e305252b4bc80a1528019ab99fd3b88666c9dc38d754406c",
                "sha256:90898786b3d0b880b47645bae7b51aa9bbf1e9d1e4510c2cfd15dd65c70ea0cd"
            ],
            "index": "pypi",
            "version": "==3.6.2"
        },
        "six": {
            "hashes": [
                "sha256:70e8a77beed4562e7f14fe23a786b54f6296e34344c23bc42f07b15018ff98e9",
                "sha256:832dc0e10feb1aa2c68dcc57dbb658f1c7e65b9b61af69048abc87a2db00a0eb"
            ],
            "version": "==1.11.0"
        }
    }
}
